
Microsoft Visual Studio Solution File, Format Version 12.00
# Visual Studio 15
VisualStudioVersion = 15.0.26124.0
MinimumVisualStudioVersion = 15.0.26124.0
Project("{2150E333-8FDC-42A3-9474-1A3956D46DE8}") = "samples", "samples", "{F814F142-1CB4-4124-B0EA-25CBEE1CA324}"
EndProject
Project("{9A19103F-16F7-4668-BE54-9A1E7A4F7556}") = "FileSorter", "samples\FileSorter\FileSorter.csproj", "{19F1B7C7-722D-48EC-B127-15C9D6B35D40}"
EndProject
Project("{9A19103F-16F7-4668-BE54-9A1E7A4F7556}") = "BlobStorageProcessor", "samples\BlobStorageProcessor\BlobStorageProcessor.csproj", "{90A8D5CE-933C-408D-9F64-134CB493F17E}"
EndProject
Project("{9A19103F-16F7-4668-BE54-9A1E7A4F7556}") = "InvoicePDFConverter", "samples\InvoicePDFConverter\InvoicePDFConverter.csproj", "{6C9A44D2-566A-4B50-BEB3-EBFA2FD555E4}"
EndProject
Project("{2150E333-8FDC-42A3-9474-1A3956D46DE8}") = "src", "src", "{C21C1B55-D173-42CC-B4D6-7F2272B4286A}"
EndProject
Project("{2150E333-8FDC-42A3-9474-1A3956D46DE8}") = "test", "test", "{0DC578F1-8E11-4AD8-B262-E6B317D4F406}"
EndProject
Project("{9A19103F-16F7-4668-BE54-9A1E7A4F7556}") = "Waives.Pipelines.Tests", "test\Waives.Pipelines.Tests\Waives.Pipelines.Tests.csproj", "{2CD46514-29BB-43C4-9ADB-C662C5DE209A}"
EndProject
Project("{9A19103F-16F7-4668-BE54-9A1E7A4F7556}") = "Waives.Http", "src\Waives.Http\Waives.Http.csproj", "{A6003210-984C-4206-97F4-B7CBFA6EE318}"
EndProject
Project("{9A19103F-16F7-4668-BE54-9A1E7A4F7556}") = "Waives.Http.Tests", "test\Waives.Http.Tests\Waives.Http.Tests.csproj", "{9D2818F5-413C-432C-84C6-ADC01D39B4DD}"
EndProject
Project("{9A19103F-16F7-4668-BE54-9A1E7A4F7556}") = "MockWaivesApi", "test\MockWaivesApi\MockWaivesApi.csproj", "{E1F451F1-FCDA-48D5-8C32-C7EF0C848285}"
EndProject
Project("{9A19103F-16F7-4668-BE54-9A1E7A4F7556}") = "Waives.Pipelines", "src\Waives.Pipelines\Waives.Pipelines.csproj", "{35325E85-5FB8-47C7-A026-052DD4AEA8CB}"
EndProject
Project("{9A19103F-16F7-4668-BE54-9A1E7A4F7556}") = "Waives.Pipelines.Extensions.DocumentSources.FileSystem", "src\Waives.Pipelines.Extensions.DocumentSources.FileSystem\Waives.Pipelines.Extensions.DocumentSources.FileSystem.csproj", "{228C2570-07F7-4CD4-8DA6-A55A33019886}"
EndProject
Project("{9A19103F-16F7-4668-BE54-9A1E7A4F7556}") = "Waives.Pipelines.Extensions.DocumentSources.FileSystem.Tests", "test\Waives.Pipelines.Extensions.DocumentSources.FileSystem.Tests\Waives.Pipelines.Extensions.DocumentSources.FileSystem.Tests.csproj", "{05A83B49-6BC2-4C61-BF18-6405B79BED9D}"
EndProject
Global
	GlobalSection(SolutionConfigurationPlatforms) = preSolution
		Debug|Any CPU = Debug|Any CPU
		Debug|x64 = Debug|x64
		Debug|x86 = Debug|x86
		Release|Any CPU = Release|Any CPU
		Release|x64 = Release|x64
		Release|x86 = Release|x86
	EndGlobalSection
	GlobalSection(ProjectConfigurationPlatforms) = postSolution
		{19F1B7C7-722D-48EC-B127-15C9D6B35D40}.Debug|Any CPU.ActiveCfg = Debug|Any CPU
		{19F1B7C7-722D-48EC-B127-15C9D6B35D40}.Debug|Any CPU.Build.0 = Debug|Any CPU
		{19F1B7C7-722D-48EC-B127-15C9D6B35D40}.Debug|x64.ActiveCfg = Debug|Any CPU
		{19F1B7C7-722D-48EC-B127-15C9D6B35D40}.Debug|x64.Build.0 = Debug|Any CPU
		{19F1B7C7-722D-48EC-B127-15C9D6B35D40}.Debug|x86.ActiveCfg = Debug|Any CPU
		{19F1B7C7-722D-48EC-B127-15C9D6B35D40}.Debug|x86.Build.0 = Debug|Any CPU
		{19F1B7C7-722D-48EC-B127-15C9D6B35D40}.Release|Any CPU.ActiveCfg = Release|Any CPU
		{19F1B7C7-722D-48EC-B127-15C9D6B35D40}.Release|Any CPU.Build.0 = Release|Any CPU
		{19F1B7C7-722D-48EC-B127-15C9D6B35D40}.Release|x64.ActiveCfg = Release|Any CPU
		{19F1B7C7-722D-48EC-B127-15C9D6B35D40}.Release|x64.Build.0 = Release|Any CPU
		{19F1B7C7-722D-48EC-B127-15C9D6B35D40}.Release|x86.ActiveCfg = Release|Any CPU
		{19F1B7C7-722D-48EC-B127-15C9D6B35D40}.Release|x86.Build.0 = Release|Any CPU
		{90A8D5CE-933C-408D-9F64-134CB493F17E}.Debug|Any CPU.ActiveCfg = Debug|Any CPU
		{90A8D5CE-933C-408D-9F64-134CB493F17E}.Debug|Any CPU.Build.0 = Debug|Any CPU
		{90A8D5CE-933C-408D-9F64-134CB493F17E}.Debug|x64.ActiveCfg = Debug|Any CPU
		{90A8D5CE-933C-408D-9F64-134CB493F17E}.Debug|x64.Build.0 = Debug|Any CPU
		{90A8D5CE-933C-408D-9F64-134CB493F17E}.Debug|x86.ActiveCfg = Debug|Any CPU
		{90A8D5CE-933C-408D-9F64-134CB493F17E}.Debug|x86.Build.0 = Debug|Any CPU
		{90A8D5CE-933C-408D-9F64-134CB493F17E}.Release|Any CPU.ActiveCfg = Release|Any CPU
		{90A8D5CE-933C-408D-9F64-134CB493F17E}.Release|Any CPU.Build.0 = Release|Any CPU
		{90A8D5CE-933C-408D-9F64-134CB493F17E}.Release|x64.ActiveCfg = Release|Any CPU
		{90A8D5CE-933C-408D-9F64-134CB493F17E}.Release|x64.Build.0 = Release|Any CPU
		{90A8D5CE-933C-408D-9F64-134CB493F17E}.Release|x86.ActiveCfg = Release|Any CPU
		{90A8D5CE-933C-408D-9F64-134CB493F17E}.Release|x86.Build.0 = Release|Any CPU
		{6C9A44D2-566A-4B50-BEB3-EBFA2FD555E4}.Debug|Any CPU.ActiveCfg = Debug|Any CPU
		{6C9A44D2-566A-4B50-BEB3-EBFA2FD555E4}.Debug|Any CPU.Build.0 = Debug|Any CPU
		{6C9A44D2-566A-4B50-BEB3-EBFA2FD555E4}.Debug|x64.ActiveCfg = Debug|Any CPU
		{6C9A44D2-566A-4B50-BEB3-EBFA2FD555E4}.Debug|x64.Build.0 = Debug|Any CPU
		{6C9A44D2-566A-4B50-BEB3-EBFA2FD555E4}.Debug|x86.ActiveCfg = Debug|Any CPU
		{6C9A44D2-566A-4B50-BEB3-EBFA2FD555E4}.Debug|x86.Build.0 = Debug|Any CPU
		{6C9A44D2-566A-4B50-BEB3-EBFA2FD555E4}.Release|Any CPU.ActiveCfg = Release|Any CPU
		{6C9A44D2-566A-4B50-BEB3-EBFA2FD555E4}.Release|Any CPU.Build.0 = Release|Any CPU
		{6C9A44D2-566A-4B50-BEB3-EBFA2FD555E4}.Release|x64.ActiveCfg = Release|Any CPU
		{6C9A44D2-566A-4B50-BEB3-EBFA2FD555E4}.Release|x64.Build.0 = Release|Any CPU
		{6C9A44D2-566A-4B50-BEB3-EBFA2FD555E4}.Release|x86.ActiveCfg = Release|Any CPU
		{6C9A44D2-566A-4B50-BEB3-EBFA2FD555E4}.Release|x86.Build.0 = Release|Any CPU
		{2CD46514-29BB-43C4-9ADB-C662C5DE209A}.Debug|Any CPU.ActiveCfg = Debug|Any CPU
		{2CD46514-29BB-43C4-9ADB-C662C5DE209A}.Debug|Any CPU.Build.0 = Debug|Any CPU
		{2CD46514-29BB-43C4-9ADB-C662C5DE209A}.Debug|x64.ActiveCfg = Debug|Any CPU
		{2CD46514-29BB-43C4-9ADB-C662C5DE209A}.Debug|x64.Build.0 = Debug|Any CPU
		{2CD46514-29BB-43C4-9ADB-C662C5DE209A}.Debug|x86.ActiveCfg = Debug|Any CPU
		{2CD46514-29BB-43C4-9ADB-C662C5DE209A}.Debug|x86.Build.0 = Debug|Any CPU
		{2CD46514-29BB-43C4-9ADB-C662C5DE209A}.Release|Any CPU.ActiveCfg = Release|Any CPU
		{2CD46514-29BB-43C4-9ADB-C662C5DE209A}.Release|Any CPU.Build.0 = Release|Any CPU
		{2CD46514-29BB-43C4-9ADB-C662C5DE209A}.Release|x64.ActiveCfg = Release|Any CPU
		{2CD46514-29BB-43C4-9ADB-C662C5DE209A}.Release|x64.Build.0 = Release|Any CPU
		{2CD46514-29BB-43C4-9ADB-C662C5DE209A}.Release|x86.ActiveCfg = Release|Any CPU
		{2CD46514-29BB-43C4-9ADB-C662C5DE209A}.Release|x86.Build.0 = Release|Any CPU
		{A6003210-984C-4206-97F4-B7CBFA6EE318}.Debug|Any CPU.ActiveCfg = Debug|Any CPU
		{A6003210-984C-4206-97F4-B7CBFA6EE318}.Debug|Any CPU.Build.0 = Debug|Any CPU
		{A6003210-984C-4206-97F4-B7CBFA6EE318}.Debug|x64.ActiveCfg = Debug|Any CPU
		{A6003210-984C-4206-97F4-B7CBFA6EE318}.Debug|x64.Build.0 = Debug|Any CPU
		{A6003210-984C-4206-97F4-B7CBFA6EE318}.Debug|x86.ActiveCfg = Debug|Any CPU
		{A6003210-984C-4206-97F4-B7CBFA6EE318}.Debug|x86.Build.0 = Debug|Any CPU
		{A6003210-984C-4206-97F4-B7CBFA6EE318}.Release|Any CPU.ActiveCfg = Release|Any CPU
		{A6003210-984C-4206-97F4-B7CBFA6EE318}.Release|Any CPU.Build.0 = Release|Any CPU
		{A6003210-984C-4206-97F4-B7CBFA6EE318}.Release|x64.ActiveCfg = Release|Any CPU
		{A6003210-984C-4206-97F4-B7CBFA6EE318}.Release|x64.Build.0 = Release|Any CPU
		{A6003210-984C-4206-97F4-B7CBFA6EE318}.Release|x86.ActiveCfg = Release|Any CPU
		{A6003210-984C-4206-97F4-B7CBFA6EE318}.Release|x86.Build.0 = Release|Any CPU
		{9D2818F5-413C-432C-84C6-ADC01D39B4DD}.Debug|Any CPU.ActiveCfg = Debug|Any CPU
		{9D2818F5-413C-432C-84C6-ADC01D39B4DD}.Debug|Any CPU.Build.0 = Debug|Any CPU
		{9D2818F5-413C-432C-84C6-ADC01D39B4DD}.Debug|x64.ActiveCfg = Debug|Any CPU
		{9D2818F5-413C-432C-84C6-ADC01D39B4DD}.Debug|x64.Build.0 = Debug|Any CPU
		{9D2818F5-413C-432C-84C6-ADC01D39B4DD}.Debug|x86.ActiveCfg = Debug|Any CPU
		{9D2818F5-413C-432C-84C6-ADC01D39B4DD}.Debug|x86.Build.0 = Debug|Any CPU
		{9D2818F5-413C-432C-84C6-ADC01D39B4DD}.Release|Any CPU.ActiveCfg = Release|Any CPU
		{9D2818F5-413C-432C-84C6-ADC01D39B4DD}.Release|Any CPU.Build.0 = Release|Any CPU
		{9D2818F5-413C-432C-84C6-ADC01D39B4DD}.Release|x64.ActiveCfg = Release|Any CPU
		{9D2818F5-413C-432C-84C6-ADC01D39B4DD}.Release|x64.Build.0 = Release|Any CPU
		{9D2818F5-413C-432C-84C6-ADC01D39B4DD}.Release|x86.ActiveCfg = Release|Any CPU
		{9D2818F5-413C-432C-84C6-ADC01D39B4DD}.Release|x86.Build.0 = Release|Any CPU
		{E1F451F1-FCDA-48D5-8C32-C7EF0C848285}.Debug|Any CPU.ActiveCfg = Debug|Any CPU
		{E1F451F1-FCDA-48D5-8C32-C7EF0C848285}.Debug|Any CPU.Build.0 = Debug|Any CPU
		{E1F451F1-FCDA-48D5-8C32-C7EF0C848285}.Debug|x64.ActiveCfg = Debug|Any CPU
		{E1F451F1-FCDA-48D5-8C32-C7EF0C848285}.Debug|x64.Build.0 = Debug|Any CPU
		{E1F451F1-FCDA-48D5-8C32-C7EF0C848285}.Debug|x86.ActiveCfg = Debug|Any CPU
		{E1F451F1-FCDA-48D5-8C32-C7EF0C848285}.Debug|x86.Build.0 = Debug|Any CPU
		{E1F451F1-FCDA-48D5-8C32-C7EF0C848285}.Release|Any CPU.ActiveCfg = Release|Any CPU
		{E1F451F1-FCDA-48D5-8C32-C7EF0C848285}.Release|Any CPU.Build.0 = Release|Any CPU
		{E1F451F1-FCDA-48D5-8C32-C7EF0C848285}.Release|x64.ActiveCfg = Release|Any CPU
		{E1F451F1-FCDA-48D5-8C32-C7EF0C848285}.Release|x64.Build.0 = Release|Any CPU
		{E1F451F1-FCDA-48D5-8C32-C7EF0C848285}.Release|x86.ActiveCfg = Release|Any CPU
		{E1F451F1-FCDA-48D5-8C32-C7EF0C848285}.Release|x86.Build.0 = Release|Any CPU
		{35325E85-5FB8-47C7-A026-052DD4AEA8CB}.Debug|Any CPU.ActiveCfg = Debug|Any CPU
		{35325E85-5FB8-47C7-A026-052DD4AEA8CB}.Debug|Any CPU.Build.0 = Debug|Any CPU
		{35325E85-5FB8-47C7-A026-052DD4AEA8CB}.Debug|x64.ActiveCfg = Debug|Any CPU
		{35325E85-5FB8-47C7-A026-052DD4AEA8CB}.Debug|x64.Build.0 = Debug|Any CPU
		{35325E85-5FB8-47C7-A026-052DD4AEA8CB}.Debug|x86.ActiveCfg = Debug|Any CPU
		{35325E85-5FB8-47C7-A026-052DD4AEA8CB}.Debug|x86.Build.0 = Debug|Any CPU
		{35325E85-5FB8-47C7-A026-052DD4AEA8CB}.Release|Any CPU.ActiveCfg = Release|Any CPU
		{35325E85-5FB8-47C7-A026-052DD4AEA8CB}.Release|Any CPU.Build.0 = Release|Any CPU
		{35325E85-5FB8-47C7-A026-052DD4AEA8CB}.Release|x64.ActiveCfg = Release|Any CPU
		{35325E85-5FB8-47C7-A026-052DD4AEA8CB}.Release|x64.Build.0 = Release|Any CPU
		{35325E85-5FB8-47C7-A026-052DD4AEA8CB}.Release|x86.ActiveCfg = Release|Any CPU
		{35325E85-5FB8-47C7-A026-052DD4AEA8CB}.Release|x86.Build.0 = Release|Any CPU
		{228C2570-07F7-4CD4-8DA6-A55A33019886}.Debug|Any CPU.ActiveCfg = Debug|Any CPU
		{228C2570-07F7-4CD4-8DA6-A55A33019886}.Debug|Any CPU.Build.0 = Debug|Any CPU
		{228C2570-07F7-4CD4-8DA6-A55A33019886}.Debug|x64.ActiveCfg = Debug|Any CPU
		{228C2570-07F7-4CD4-8DA6-A55A33019886}.Debug|x64.Build.0 = Debug|Any CPU
		{228C2570-07F7-4CD4-8DA6-A55A33019886}.Debug|x86.ActiveCfg = Debug|Any CPU
		{228C2570-07F7-4CD4-8DA6-A55A33019886}.Debug|x86.Build.0 = Debug|Any CPU
		{228C2570-07F7-4CD4-8DA6-A55A33019886}.Release|Any CPU.ActiveCfg = Release|Any CPU
		{228C2570-07F7-4CD4-8DA6-A55A33019886}.Release|Any CPU.Build.0 = Release|Any CPU
		{228C2570-07F7-4CD4-8DA6-A55A33019886}.Release|x64.ActiveCfg = Release|Any CPU
		{228C2570-07F7-4CD4-8DA6-A55A33019886}.Release|x64.Build.0 = Release|Any CPU
		{228C2570-07F7-4CD4-8DA6-A55A33019886}.Release|x86.ActiveCfg = Release|Any CPU
		{228C2570-07F7-4CD4-8DA6-A55A33019886}.Release|x86.Build.0 = Release|Any CPU
		{05A83B49-6BC2-4C61-BF18-6405B79BED9D}.Debug|Any CPU.ActiveCfg = Debug|Any CPU
		{05A83B49-6BC2-4C61-BF18-6405B79BED9D}.Debug|Any CPU.Build.0 = Debug|Any CPU
		{05A83B49-6BC2-4C61-BF18-6405B79BED9D}.Debug|x64.ActiveCfg = Debug|Any CPU
		{05A83B49-6BC2-4C61-BF18-6405B79BED9D}.Debug|x64.Build.0 = Debug|Any CPU
		{05A83B49-6BC2-4C61-BF18-6405B79BED9D}.Debug|x86.ActiveCfg = Debug|Any CPU
		{05A83B49-6BC2-4C61-BF18-6405B79BED9D}.Debug|x86.Build.0 = Debug|Any CPU
		{05A83B49-6BC2-4C61-BF18-6405B79BED9D}.Release|Any CPU.ActiveCfg = Release|Any CPU
		{05A83B49-6BC2-4C61-BF18-6405B79BED9D}.Release|Any CPU.Build.0 = Release|Any CPU
		{05A83B49-6BC2-4C61-BF18-6405B79BED9D}.Release|x64.ActiveCfg = Release|Any CPU
		{05A83B49-6BC2-4C61-BF18-6405B79BED9D}.Release|x64.Build.0 = Release|Any CPU
		{05A83B49-6BC2-4C61-BF18-6405B79BED9D}.Release|x86.ActiveCfg = Release|Any CPU
		{05A83B49-6BC2-4C61-BF18-6405B79BED9D}.Release|x86.Build.0 = Release|Any CPU
	EndGlobalSection
	GlobalSection(SolutionProperties) = preSolution
		HideSolutionNode = FALSE
	EndGlobalSection
	GlobalSection(NestedProjects) = preSolution
		{19F1B7C7-722D-48EC-B127-15C9D6B35D40} = {F814F142-1CB4-4124-B0EA-25CBEE1CA324}
		{90A8D5CE-933C-408D-9F64-134CB493F17E} = {F814F142-1CB4-4124-B0EA-25CBEE1CA324}
		{6C9A44D2-566A-4B50-BEB3-EBFA2FD555E4} = {F814F142-1CB4-4124-B0EA-25CBEE1CA324}
		{2CD46514-29BB-43C4-9ADB-C662C5DE209A} = {0DC578F1-8E11-4AD8-B262-E6B317D4F406}
		{A6003210-984C-4206-97F4-B7CBFA6EE318} = {C21C1B55-D173-42CC-B4D6-7F2272B4286A}
		{9D2818F5-413C-432C-84C6-ADC01D39B4DD} = {0DC578F1-8E11-4AD8-B262-E6B317D4F406}
		{E1F451F1-FCDA-48D5-8C32-C7EF0C848285} = {0DC578F1-8E11-4AD8-B262-E6B317D4F406}
		{35325E85-5FB8-47C7-A026-052DD4AEA8CB} = {C21C1B55-D173-42CC-B4D6-7F2272B4286A}
		{228C2570-07F7-4CD4-8DA6-A55A33019886} = {C21C1B55-D173-42CC-B4D6-7F2272B4286A}
		{05A83B49-6BC2-4C61-BF18-6405B79BED9D} = {0DC578F1-8E11-4AD8-B262-E6B317D4F406}
	EndGlobalSection
	GlobalSection(ExtensibilityGlobals) = postSolution
		SolutionGuid = {74AED9A4-D633-46D2-B088-248CE9077CC5}
	EndGlobalSection
EndGlobal
